PODS:
  - Flutter (1.0.0)
  - gamepads_ios (0.1.1):
    - Flutter

DEPENDENCIES:
  - Flutter (from `Flutter`)
  - gamepads_ios (from `.symlinks/plugins/gamepads_ios/ios`)

EXTERNAL SOURCES:
  Flutter:
    :path: Flutter
  gamepads_ios:
    :path: ".symlinks/plugins/gamepads_ios/ios"

SPEC CHECKSUMS:
  Flutter: cabc95a1d2626b1b06e7179b784ebcf0c0cde467
  gamepads_ios: c75c6d31377d275b0effb9174c619e2705678c09

PODFILE CHECKSUM: 5d00493e495563ed267882e9b68a66e1d07517ee

COCOAPODS: 1.16.2
